{
  "version": "4",
  "specifiers": {
    "jsr:@std/assert@1": "1.0.10",
    "jsr:@std/internal@^1.0.5": "1.0.5",
    "npm:@effect/opentelemetry@0.42": "0.42.0_@opentelemetry+api@1.9.0_@opentelemetry+resources@1.30.0__@opentelemetry+api@1.9.0_@opentelemetry+semantic-conventions@1.28.0_effect@3.12.0",
    "npm:@effect/platform-node@0.68": "0.68.0_@effect+platform@0.72.0__effect@3.12.0_effect@3.12.0",
    "npm:@effect/platform@0.72": "0.72.0_effect@3.12.0",
    "npm:@opentelemetry/sdk-metrics@^1.30.0": "1.30.0_@opentelemetry+api@1.9.0",
    "npm:@opentelemetry/sdk-trace-base@^1.30.0": "1.30.0_@opentelemetry+api@1.9.0",
    "npm:@opentelemetry/sdk-trace-node@^1.30.0": "1.30.0_@opentelemetry+api@1.9.0",
    "npm:@opentelemetry/sdk-trace-web@^1.30.0": "1.30.0_@opentelemetry+api@1.9.0",
    "npm:effect@^3.12.0": "3.12.0"
  },
  "jsr": {
    "@std/assert@1.0.10": {
      "integrity": "59b5cbac5bd55459a19045d95cc7c2ff787b4f8527c0dd195078ff6f9481fbb3",
      "dependencies": [
        "jsr:@std/internal"
      ]
    },
    "@std/internal@1.0.5": {
      "integrity": "54a546004f769c1ac9e025abd15a76b6671ddc9687e2313b67376125650dc7ba"
    }
  },
  "npm": {
    "@effect/opentelemetry@0.42.0_@opentelemetry+api@1.9.0_@opentelemetry+resources@1.30.0__@opentelemetry+api@1.9.0_@opentelemetry+semantic-conventions@1.28.0_effect@3.12.0": {
      "integrity": "sha512-XwvbUB43vvkIMlz/+XAEMORorr7S3hhK4oKmh0tyCk8NGgQXzxKvry0hbrUqboLFsnhrCcGEYQWgAdUs+K5NlQ==",
      "dependencies": [
        "@opentelemetry/api",
        "@opentelemetry/resources",
        "@opentelemetry/semantic-conventions",
        "effect"
      ]
    },
    "@effect/platform-node-shared@0.22.0_@effect+platform@0.72.0__effect@3.12.0_effect@3.12.0": {
      "integrity": "sha512-v5syfSWbek/v5uqRweEjq1zwtl17FMaOeSIt1OZFzQd4GIclVOgM/8chNVtAmpkdQh7SaKNijFruO0VET54e6w==",
      "dependencies": [
        "@effect/platform",
        "@parcel/watcher",
        "effect",
        "multipasta"
      ]
    },
    "@effect/platform-node@0.68.0_@effect+platform@0.72.0__effect@3.12.0_effect@3.12.0": {
      "integrity": "sha512-0BkiWEw59+C/54+UCPfCFBNrxkHOAUPa/GJKfWVyL7LOA1pbrLrwdse1S3deLwP4IEPuepMyEOL9BHNsorDhcA==",
      "dependencies": [
        "@effect/platform",
        "@effect/platform-node-shared",
        "effect",
        "mime",
        "undici",
        "ws"
      ]
    },
    "@effect/platform@0.72.0_effect@3.12.0": {
      "integrity": "sha512-uHsW2hlo6AiIW3zpLAVAoNvJngS/JwCZBAM4RSRllm8JTgjjCraef78FJBDNnSXz+2a10Xzzx4qxVsP3s8EV5Q==",
      "dependencies": [
        "effect",
        "find-my-way-ts",
        "multipasta"
      ]
    },
    "@opentelemetry/api@1.9.0": {
      "integrity": "sha512-3giAOQvZiH5F9bMlMiv8+GSPMeqg0dbaeo58/0SlA9sxSqZhnUtxzX9/2FzyhS9sWQf5S0GJE0AKBrFqjpeYcg=="
    },
    "@opentelemetry/context-async-hooks@1.30.0_@opentelemetry+api@1.9.0": {
      "integrity": "sha512-roCetrG/cz0r/gugQm/jFo75UxblVvHaNSRoR0kSSRSzXFAiIBqFCZuH458BHBNRtRe+0yJdIJ21L9t94bw7+g==",
      "dependencies": [
        "@opentelemetry/api"
      ]
    },
    "@opentelemetry/core@1.30.0_@opentelemetry+api@1.9.0": {
      "integrity": "sha512-Q/3u/K73KUjTCnFUP97ZY+pBjQ1kPEgjOfXj/bJl8zW7GbXdkw6cwuyZk6ZTXkVgCBsYRYUzx4fvYK1jxdb9MA==",
      "dependencies": [
        "@opentelemetry/api",
        "@opentelemetry/semantic-conventions"
      ]
    },
    "@opentelemetry/propagator-b3@1.30.0_@opentelemetry+api@1.9.0": {
      "integrity": "sha512-lcobQQmd+hLdtxJJKu/i51lNXmF1PJJ7Y9B97ciHRVQuMI260vSZG7Uf4Zg0fqR8PB+fT/7rnlDwS0M7QldZQQ==",
      "dependencies": [
        "@opentelemetry/api",
        "@opentelemetry/core"
      ]
    },
    "@opentelemetry/propagator-jaeger@1.30.0_@opentelemetry+api@1.9.0": {
      "integrity": "sha512-0hdP495V6HPRkVpowt54+Swn5NdesMIRof+rlp0mbnuIUOM986uF+eNxnPo9q5MmJegVBRTxgMHXXwvnXRnKRg==",
      "dependencies": [
        "@opentelemetry/api",
        "@opentelemetry/core"
      ]
    },
    "@opentelemetry/resources@1.30.0_@opentelemetry+api@1.9.0": {
      "integrity": "sha512-5mGMjL0Uld/99t7/pcd7CuVtJbkARckLVuiOX84nO8RtLtIz0/J6EOHM2TGvPZ6F4K+XjUq13gMx14w80SVCQg==",
      "dependencies": [
        "@opentelemetry/api",
        "@opentelemetry/core",
        "@opentelemetry/semantic-conventions"
      ]
    },
    "@opentelemetry/sdk-metrics@1.30.0_@opentelemetry+api@1.9.0": {
      "integrity": "sha512-5kcj6APyRMvv6dEIP5plz2qfJAD4OMipBRT11u/pa1a68rHKI2Ln+iXVkAGKgx8o7CXbD7FdPypTUY88ZQgP4Q==",
      "dependencies": [
        "@opentelemetry/api",
        "@opentelemetry/core",
        "@opentelemetry/resources"
      ]
    },
    "@opentelemetry/sdk-trace-base@1.30.0_@opentelemetry+api@1.9.0": {
      "integrity": "sha512-RKQDaDIkV7PwizmHw+rE/FgfB2a6MBx+AEVVlAHXRG1YYxLiBpPX2KhmoB99R5vA4b72iJrjle68NDWnbrE9Dg==",
      "dependencies": [
        "@opentelemetry/api",
        "@opentelemetry/core",
        "@opentelemetry/resources",
        "@opentelemetry/semantic-conventions"
      ]
    },
    "@opentelemetry/sdk-trace-node@1.30.0_@opentelemetry+api@1.9.0": {
      "integrity": "sha512-MeXkXEdBs9xq1JSGTr/3P1lHBSUBaVmo1+UpoQhUpviPMzDXy0MNsdTC7KKI6/YcG74lTX6eqeNjlC1jV4Rstw==",
      "dependencies": [
        "@opentelemetry/api",
        "@opentelemetry/context-async-hooks",
        "@opentelemetry/core",
        "@opentelemetry/propagator-b3",
        "@opentelemetry/propagator-jaeger",
        "@opentelemetry/sdk-trace-base",
        "semver"
      ]
    },
    "@opentelemetry/sdk-trace-web@1.30.0_@opentelemetry+api@1.9.0": {
      "integrity": "sha512-tSsPbaOQqmkfSkRkMnv1T8au2hwlv3v5ZUGmRwc7zIL1hokhZKg5qhqTsvrWvRENlZ7+J9+cXZFKIMNKHodyhQ==",
      "dependencies": [
        "@opentelemetry/api",
        "@opentelemetry/core",
        "@opentelemetry/sdk-trace-base",
        "@opentelemetry/semantic-conventions"
      ]
    },
    "@opentelemetry/semantic-conventions@1.28.0": {
      "integrity": "sha512-lp4qAiMTD4sNWW4DbKLBkfiMZ4jbAboJIGOQr5DvciMRI494OapieI9qiODpOt0XBr1LjIDy1xAGAnVs5supTA=="
    },
    "@parcel/watcher-android-arm64@2.5.0": {
      "integrity": "sha512-qlX4eS28bUcQCdribHkg/herLe+0A9RyYC+mm2PXpncit8z5b3nSqGVzMNR3CmtAOgRutiZ02eIJJgP/b1iEFQ=="
    },
    "@parcel/watcher-darwin-arm64@2.5.0": {
      "integrity": "sha512-hyZ3TANnzGfLpRA2s/4U1kbw2ZI4qGxaRJbBH2DCSREFfubMswheh8TeiC1sGZ3z2jUf3s37P0BBlrD3sjVTUw=="
    },
    "@parcel/watcher-darwin-x64@2.5.0": {
      "integrity": "sha512-9rhlwd78saKf18fT869/poydQK8YqlU26TMiNg7AIu7eBp9adqbJZqmdFOsbZ5cnLp5XvRo9wcFmNHgHdWaGYA=="
    },
    "@parcel/watcher-freebsd-x64@2.5.0": {
      "integrity": "sha512-syvfhZzyM8kErg3VF0xpV8dixJ+RzbUaaGaeb7uDuz0D3FK97/mZ5AJQ3XNnDsXX7KkFNtyQyFrXZzQIcN49Tw=="
    },
    "@parcel/watcher-linux-arm-glibc@2.5.0": {
      "integrity": "sha512-0VQY1K35DQET3dVYWpOaPFecqOT9dbuCfzjxoQyif1Wc574t3kOSkKevULddcR9znz1TcklCE7Ht6NIxjvTqLA=="
    },
    "@parcel/watcher-linux-arm-musl@2.5.0": {
      "integrity": "sha512-6uHywSIzz8+vi2lAzFeltnYbdHsDm3iIB57d4g5oaB9vKwjb6N6dRIgZMujw4nm5r6v9/BQH0noq6DzHrqr2pA=="
    },
    "@parcel/watcher-linux-arm64-glibc@2.5.0": {
      "integrity": "sha512-BfNjXwZKxBy4WibDb/LDCriWSKLz+jJRL3cM/DllnHH5QUyoiUNEp3GmL80ZqxeumoADfCCP19+qiYiC8gUBjA=="
    },
    "@parcel/watcher-linux-arm64-musl@2.5.0": {
      "integrity": "sha512-S1qARKOphxfiBEkwLUbHjCY9BWPdWnW9j7f7Hb2jPplu8UZ3nes7zpPOW9bkLbHRvWM0WDTsjdOTUgW0xLBN1Q=="
    },
    "@parcel/watcher-linux-x64-glibc@2.5.0": {
      "integrity": "sha512-d9AOkusyXARkFD66S6zlGXyzx5RvY+chTP9Jp0ypSTC9d4lzyRs9ovGf/80VCxjKddcUvnsGwCHWuF2EoPgWjw=="
    },
    "@parcel/watcher-linux-x64-musl@2.5.0": {
      "integrity": "sha512-iqOC+GoTDoFyk/VYSFHwjHhYrk8bljW6zOhPuhi5t9ulqiYq1togGJB5e3PwYVFFfeVgc6pbz3JdQyDoBszVaA=="
    },
    "@parcel/watcher-win32-arm64@2.5.0": {
      "integrity": "sha512-twtft1d+JRNkM5YbmexfcH/N4znDtjgysFaV9zvZmmJezQsKpkfLYJ+JFV3uygugK6AtIM2oADPkB2AdhBrNig=="
    },
    "@parcel/watcher-win32-ia32@2.5.0": {
      "integrity": "sha512-+rgpsNRKwo8A53elqbbHXdOMtY/tAtTzManTWShB5Kk54N8Q9mzNWV7tV+IbGueCbcj826MfWGU3mprWtuf1TA=="
    },
    "@parcel/watcher-win32-x64@2.5.0": {
      "integrity": "sha512-lPrxve92zEHdgeff3aiu4gDOIt4u7sJYha6wbdEZDCDUhtjTsOMiaJzG5lMY4GkWH8p0fMmO2Ppq5G5XXG+DQw=="
    },
    "@parcel/watcher@2.5.0": {
      "integrity": "sha512-i0GV1yJnm2n3Yq1qw6QrUrd/LI9bE8WEBOTtOkpCXHHdyN3TAGgqAK/DAT05z4fq2x04cARXt2pDmjWjL92iTQ==",
      "dependencies": [
        "@parcel/watcher-android-arm64",
        "@parcel/watcher-darwin-arm64",
        "@parcel/watcher-darwin-x64",
        "@parcel/watcher-freebsd-x64",
        "@parcel/watcher-linux-arm-glibc",
        "@parcel/watcher-linux-arm-musl",
        "@parcel/watcher-linux-arm64-glibc",
        "@parcel/watcher-linux-arm64-musl",
        "@parcel/watcher-linux-x64-glibc",
        "@parcel/watcher-linux-x64-musl",
        "@parcel/watcher-win32-arm64",
        "@parcel/watcher-win32-ia32",
        "@parcel/watcher-win32-x64",
        "detect-libc",
        "is-glob",
        "micromatch",
        "node-addon-api"
      ]
    },
    "braces@3.0.3": {
      "integrity": "sha512-yQbXgO/OSZVD2IsiLlro+7Hf6Q18EJrKSEsdoMzKePKXct3gvD8oLcOQdIzGupr5Fj+EDe8gO/lxc1BzfMpxvA==",
      "dependencies": [
        "fill-range"
      ]
    },
    "detect-libc@1.0.3": {
      "integrity": "sha512-pGjwhsmsp4kL2RTz08wcOlGN83otlqHeD/Z5T8GXZB+/YcpQ/dgo+lbU8ZsGxV0HIvqqxo9l7mqYwyYMD9bKDg=="
    },
    "effect@3.12.0": {
      "integrity": "sha512-b/u9s3b9HfTo0qygVouegP0hkbiuxRIeaCe1ppf8P88hPyl6lKCbErtn7Az4jG7LuU7f0Wgm4c8WXbMcL2j8+g==",
      "dependencies": [
        "fast-check"
      ]
    },
    "fast-check@3.23.2": {
      "integrity": "sha512-h5+1OzzfCC3Ef7VbtKdcv7zsstUQwUDlYpUTvjeUsJAssPgLn7QzbboPtL5ro04Mq0rPOsMzl7q5hIbRs2wD1A==",
      "dependencies": [
        "pure-rand"
      ]
    },
    "fill-range@7.1.1": {
      "integrity": "sha512-YsGpe3WHLK8ZYi4tWDg2Jy3ebRz2rXowDxnld4bkQB00cc/1Zw9AWnC0i9ztDJitivtQvaI9KaLyKrc+hBW0yg==",
      "dependencies": [
        "to-regex-range"
      ]
    },
    "find-my-way-ts@0.1.5": {
      "integrity": "sha512-4GOTMrpGQVzsCH2ruUn2vmwzV/02zF4q+ybhCIrw/Rkt3L8KWcycdC6aJMctJzwN4fXD4SD5F/4B9Sksh5rE0A=="
    },
    "is-extglob@2.1.1": {
      "integrity": "sha512-SbKbANkN603Vi4jEZv49LeVJMn4yGwsbzZworEoyEiutsN3nJYdbO36zfhGJ6QEDpOZIFkDtnq5JRxmvl3jsoQ=="
    },
    "is-glob@4.0.3": {
      "integrity": "sha512-xelSayHH36ZgE7ZWhli7pW34hNbNl8Ojv5KVmkJD4hBdD3th8Tfk9vYasLM+mXWOZhFkgZfxhLSnrwRr4elSSg==",
      "dependencies": [
        "is-extglob"
      ]
    },
    "is-number@7.0.0": {
      "integrity": "sha512-41Cifkg6e8TylSpdtTpeLVMqvSBEVzTttHvERD741+pnZ8ANv0004MRL43QKPDlK9cGvNp6NZWZUBlbGXYxxng=="
    },
    "micromatch@4.0.8": {
      "integrity": "sha512-PXwfBhYu0hBCPw8Dn0E+WDYb7af3dSLVWKi3HGv84IdF4TyFoC0ysxFd0Goxw7nSv4T/PzEJQxsYsEiFCKo2BA==",
      "dependencies": [
        "braces",
        "picomatch"
      ]
    },
    "mime@3.0.0": {
      "integrity": "sha512-jSCU7/VB1loIWBZe14aEYHU/+1UMEHoaO7qxCOVJOw9GgH72VAWppxNcjU+x9a2k3GSIBXNKxXQFqRvvZ7vr3A=="
    },
    "multipasta@0.2.5": {
      "integrity": "sha512-c8eMDb1WwZcE02WVjHoOmUVk7fnKU/RmUcosHACglrWAuPQsEJv+E8430sXj6jNc1jHw0zrS16aCjQh4BcEb4A=="
    },
    "node-addon-api@7.1.1": {
      "integrity": "sha512-5m3bsyrjFWE1xf7nz7YXdN4udnVtXK6/Yfgn5qnahL6bCkf2yKt4k3nuTKAtT4r3IG8JNR2ncsIMdZuAzJjHQQ=="
    },
    "picomatch@2.3.1": {
      "integrity": "sha512-JU3teHTNjmE2VCGFzuY8EXzCDVwEqB2a8fsIvwaStHhAWJEeVd1o1QD80CU6+ZdEXXSLbSsuLwJjkCBWqRQUVA=="
    },
    "pure-rand@6.1.0": {
      "integrity": "sha512-bVWawvoZoBYpp6yIoQtQXHZjmz35RSVHnUOTefl8Vcjr8snTPY1wnpSPMWekcFwbxI6gtmT7rSYPFvz71ldiOA=="
    },
    "semver@7.6.3": {
      "integrity": "sha512-oVekP1cKtI+CTDvHWYFUcMtsK/00wmAEfyqKfNdARm8u1wNVhSgaX7A8d4UuIlUI5e84iEwOhs7ZPYRmzU9U6A=="
    },
    "to-regex-range@5.0.1": {
      "integrity": "sha512-65P7iz6X5yEr1cwcgvQxbbIw7Uk3gOy5dIdtZ4rDveLqhrdJP+Li/Hx6tyK0NEb+2GCyneCMJiGqrADCSNk8sQ==",
      "dependencies": [
        "is-number"
      ]
    },
    "undici@7.2.0": {
      "integrity": "sha512-klt+0S55GBViA9nsq48/NSCo4YX5mjydjypxD7UmHh/brMu8h/Mhd/F7qAeoH2NOO8SDTk6kjnTFc4WpzmfYpQ=="
    },
    "ws@8.18.0": {
      "integrity": "sha512-8VbfWfHLbbwu3+N6OKsOMpBdT4kXPDDB9cJk2bJ6mh9ucxdlnNvH1e+roYkKmN9Nxw2yjz7VzeO9oOz2zJ04Pw=="
    }
  },
  "workspace": {
    "dependencies": [
      "jsr:@std/assert@1",
      "npm:@effect/opentelemetry@0.42",
      "npm:@effect/platform-node@0.68",
      "npm:@effect/platform@0.72",
      "npm:@opentelemetry/sdk-metrics@^1.30.0",
      "npm:@opentelemetry/sdk-trace-base@^1.30.0",
      "npm:@opentelemetry/sdk-trace-node@^1.30.0",
      "npm:@opentelemetry/sdk-trace-web@^1.30.0",
      "npm:effect@^3.12.0"
    ]
  }
}
